[[package]]
name = "atomicwrites"
version = "1.4.0"
description = "Atomic file writes."
category = "dev"
optional = false
python-versions = ">=2.7, !=3.0.*, !=3.1.*, !=3.2.*, !=3.3.*"

[[package]]
name = "attrs"
version = "21.2.0"
description = "Classes Without Boilerplate"
category = "dev"
optional = false
python-versions = ">=2.7, !=3.0.*, !=3.1.*, !=3.2.*, !=3.3.*, !=3.4.*"

[package.extras]
dev = ["coverage[toml] (>=5.0.2)", "hypothesis", "pympler", "pytest (>=4.3.0)", "six", "mypy", "pytest-mypy-plugins", "zope.interface", "furo", "sphinx", "sphinx-notfound-page", "pre-commit"]
docs = ["furo", "sphinx", "zope.interface", "sphinx-notfound-page"]
tests = ["coverage[toml] (>=5.0.2)", "hypothesis", "pympler", "pytest (>=4.3.0)", "six", "mypy", "pytest-mypy-plugins", "zope.interface"]
tests_no_zope = ["coverage[toml] (>=5.0.2)", "hypothesis", "pympler", "pytest (>=4.3.0)", "six", "mypy", "pytest-mypy-plugins"]

[[package]]
name = "black"
version = "21.11b0"
description = "The uncompromising code formatter."
category = "dev"
optional = false
python-versions = ">=3.6.2"

[package.dependencies]
click = ">=7.1.2"
mypy-extensions = ">=0.4.3"
pathspec = ">=0.9.0,<1"
platformdirs = ">=2"
regex = ">=2020.1.8"
tomli = ">=0.2.6,<2.0.0"
typing-extensions = [
    {version = ">=3.10.0.0", markers = "python_version < \"3.10\""},
    {version = "!=3.10.0.1", markers = "python_version >= \"3.10\""},
]

[package.extras]
colorama = ["colorama (>=0.4.3)"]
d = ["aiohttp (>=3.7.4)"]
jupyter = ["ipython (>=7.8.0)", "tokenize-rt (>=3.2.0)"]
python2 = ["typed-ast (>=1.4.3)"]
uvloop = ["uvloop (>=0.15.2)"]

[[package]]
name = "cffi"
version = "1.15.0"
description = "Foreign Function Interface for Python calling C code."
category = "main"
optional = false
python-versions = "*"

[package.dependencies]
pycparser = "*"

[[package]]
name = "click"
version = "8.0.3"
description = "Composable command line interface toolkit"
category = "main"
optional = false
python-versions = ">=3.6"

[package.dependencies]
colorama = {version = "*", markers = "platform_system == \"Windows\""}

[[package]]
name = "colorama"
version = "0.4.4"
description = "Cross-platform colored terminal text."
category = "main"
optional = false
python-versions = ">=2.7, !=3.0.*, !=3.1.*, !=3.2.*, !=3.3.*, !=3.4.*"

[[package]]
name = "execnet"
version = "1.9.0"
description = "execnet: rapid multi-Python deployment"
category = "dev"
optional = false
python-versions = ">=2.7, !=3.0.*, !=3.1.*, !=3.2.*, !=3.3.*, !=3.4.*"

[package.extras]
testing = ["pre-commit"]

[[package]]
name = "hypothesis"
version = "6.24.2"
description = "A library for property-based testing"
category = "dev"
optional = false
python-versions = ">=3.6"

[package.dependencies]
attrs = ">=19.2.0"
sortedcontainers = ">=2.1.0,<3.0.0"

[package.extras]
all = ["black (>=19.10b0)", "click (>=7.0)", "django (>=2.2)", "dpcontracts (>=0.4)", "lark-parser (>=0.6.5)", "libcst (>=0.3.16)", "numpy (>=1.9.0)", "pandas (>=0.25)", "pytest (>=4.6)", "python-dateutil (>=1.4)", "pytz (>=2014.1)", "redis (>=3.0.0)", "rich (>=9.0.0)", "importlib-resources (>=3.3.0)", "importlib-metadata (>=3.6)", "backports.zoneinfo (>=0.2.1)", "tzdata (>=2020.4)"]
cli = ["click (>=7.0)", "black (>=19.10b0)", "rich (>=9.0.0)"]
codemods = ["libcst (>=0.3.16)"]
dateutil = ["python-dateutil (>=1.4)"]
django = ["pytz (>=2014.1)", "django (>=2.2)"]
dpcontracts = ["dpcontracts (>=0.4)"]
ghostwriter = ["black (>=19.10b0)"]
lark = ["lark-parser (>=0.6.5)"]
numpy = ["numpy (>=1.9.0)"]
pandas = ["pandas (>=0.25)"]
pytest = ["pytest (>=4.6)"]
pytz = ["pytz (>=2014.1)"]
redis = ["redis (>=3.0.0)"]
zoneinfo = ["importlib-resources (>=3.3.0)", "backports.zoneinfo (>=0.2.1)", "tzdata (>=2020.4)"]

[[package]]
name = "iniconfig"
version = "1.1.1"
description = "iniconfig: brain-dead simple config-ini parsing"
category = "dev"
optional = false
python-versions = "*"

[[package]]
name = "isort"
version = "5.10.1"
description = "A Python utility / library to sort Python imports."
category = "dev"
optional = false
python-versions = ">=3.6.1,<4.0"

[package.extras]
pipfile_deprecated_finder = ["pipreqs", "requirementslib"]
requirements_deprecated_finder = ["pipreqs", "pip-api"]
colors = ["colorama (>=0.4.3,<0.5.0)"]
plugins = ["setuptools"]

[[package]]
name = "msgpack"
version = "1.0.2"
description = "MessagePack (de)serializer."
category = "main"
optional = false
python-versions = "*"

[[package]]
name = "mypy-extensions"
version = "0.4.3"
description = "Experimental type system extensions for programs checked with the mypy typechecker."
category = "dev"
optional = false
python-versions = "*"

[[package]]
name = "packaging"
version = "21.2"
description = "Core utilities for Python packages"
category = "dev"
optional = false
python-versions = ">=3.6"

[package.dependencies]
pyparsing = ">=2.0.2,<3"

[[package]]
name = "pathspec"
version = "0.9.0"
description = "Utility library for gitignore style pattern matching of file paths."
category = "dev"
optional = false
python-versions = "!=3.0.*,!=3.1.*,!=3.2.*,!=3.3.*,!=3.4.*,>=2.7"

[[package]]
name = "platformdirs"
version = "2.4.0"
description = "A small Python module for determining appropriate platform-specific dirs, e.g. a \"user data dir\"."
category = "dev"
optional = false
python-versions = ">=3.6"

[package.extras]
docs = ["Sphinx (>=4)", "furo (>=2021.7.5b38)", "proselint (>=0.10.2)", "sphinx-autodoc-typehints (>=1.12)"]
test = ["appdirs (==1.4.4)", "pytest (>=6)", "pytest-cov (>=2.7)", "pytest-mock (>=3.6)"]

[[package]]
name = "pluggy"
version = "1.0.0"
description = "plugin and hook calling mechanisms for python"
category = "dev"
optional = false
python-versions = ">=3.6"

[package.extras]
dev = ["pre-commit", "tox"]
testing = ["pytest", "pytest-benchmark"]

[[package]]
name = "py"
version = "1.11.0"
description = "library with cross-python path, ini-parsing, io, code, log facilities"
category = "dev"
optional = false
python-versions = ">=2.7, !=3.0.*, !=3.1.*, !=3.2.*, !=3.3.*, !=3.4.*"

[[package]]
name = "py-algorand-sdk"
version = "1.8.0"
description = "Algorand SDK in Python"
category = "main"
optional = false
python-versions = ">=3.5"

[package.dependencies]
msgpack = "*"
pycryptodomex = ">=3.6.0"
pynacl = "*"

[[package]]
name = "pycparser"
version = "2.21"
description = "C parser in Python"
category = "main"
optional = false
python-versions = ">=2.7, !=3.0.*, !=3.1.*, !=3.2.*, !=3.3.*"

[[package]]
name = "pycryptodomex"
version = "3.11.0"
description = "Cryptographic library for Python"
category = "main"
optional = false
python-versions = ">=2.7, !=3.0.*, !=3.1.*, !=3.2.*, !=3.3.*, !=3.4.*"

[[package]]
name = "pynacl"
version = "1.4.0"
description = "Python binding to the Networking and Cryptography (NaCl) library"
category = "main"
optional = false
python-versions = ">=2.7, !=3.0.*, !=3.1.*, !=3.2.*, !=3.3.*"

[package.dependencies]
cffi = ">=1.4.1"
six = "*"

[package.extras]
docs = ["sphinx (>=1.6.5)", "sphinx-rtd-theme"]
tests = ["pytest (>=3.2.1,!=3.3.0)", "hypothesis (>=3.27.0)"]

[[package]]
name = "pyparsing"
version = "2.4.7"
description = "Python parsing module"
category = "dev"
optional = false
python-versions = ">=2.6, !=3.0.*, !=3.1.*, !=3.2.*"

[[package]]
name = "pyteal"
version = "0.9.0"
description = "Algorand Smart Contracts in Python"
category = "main"
optional = false
python-versions = ">=3.6"

[package.dependencies]
py-algorand-sdk = "*"

[[package]]
name = "pytealext"
version = "1.2.0"
description = "Extra operations for PyTEAL"
category = "main"
optional = false
python-versions = ">=3.9"

[package.dependencies]
py-algorand-sdk = ">=1.7.0"
pyteal = ">=0.9"

[[package]]
name = "pytest"
version = "6.2.5"
description = "pytest: simple powerful testing with Python"
category = "dev"
optional = false
python-versions = ">=3.6"

[package.dependencies]
atomicwrites = {version = ">=1.0", markers = "sys_platform == \"win32\""}
attrs = ">=19.2.0"
colorama = {version = "*", markers = "sys_platform == \"win32\""}
iniconfig = "*"
packaging = "*"
pluggy = ">=0.12,<2.0"
py = ">=1.8.2"
toml = "*"

[package.extras]
testing = ["argcomplete", "hypothesis (>=3.56)", "mock", "nose", "requests", "xmlschema"]

[[package]]
name = "pytest-forked"
version = "1.3.0"
description = "run tests in isolated forked subprocesses"
category = "dev"
optional = false
python-versions = ">=2.7, !=3.0.*, !=3.1.*, !=3.2.*, !=3.3.*, !=3.4.*"

[package.dependencies]
py = "*"
pytest = ">=3.10"

[[package]]
name = "pytest-xdist"
version = "2.4.0"
description = "pytest xdist plugin for distributed testing and loop-on-failing modes"
category = "dev"
optional = false
python-versions = ">=3.6"

[package.dependencies]
execnet = ">=1.1"
pytest = ">=6.0.0"
pytest-forked = "*"

[package.extras]
psutil = ["psutil (>=3.0)"]
setproctitle = ["setproctitle"]
testing = ["filelock"]

[[package]]
name = "python-dotenv"
version = "0.19.1"
description = "Read key-value pairs from a .env file and set them as environment variables"
category = "main"
optional = false
python-versions = ">=3.5"

[package.extras]
cli = ["click (>=5.0)"]

[[package]]
name = "pyyaml"
version = "5.4.1"
description = "YAML parser and emitter for Python"
category = "main"
optional = false
python-versions = ">=2.7, !=3.0.*, !=3.1.*, !=3.2.*, !=3.3.*, !=3.4.*, !=3.5.*"

[[package]]
name = "regex"
version = "2021.11.10"
description = "Alternative regular expression module, to replace re."
category = "dev"
optional = false
python-versions = "*"

[[package]]
name = "six"
version = "1.16.0"
description = "Python 2 and 3 compatibility utilities"
category = "main"
optional = false
python-versions = ">=2.7, !=3.0.*, !=3.1.*, !=3.2.*"

[[package]]
name = "sortedcontainers"
version = "2.4.0"
description = "Sorted Containers -- Sorted List, Sorted Dict, Sorted Set"
category = "dev"
optional = false
python-versions = "*"

[[package]]
name = "toml"
version = "0.10.2"
description = "Python Library for Tom's Obvious, Minimal Language"
category = "dev"
optional = false
python-versions = ">=2.6, !=3.0.*, !=3.1.*, !=3.2.*"

[[package]]
name = "tomli"
version = "1.2.2"
description = "A lil' TOML parser"
category = "dev"
optional = false
python-versions = ">=3.6"

[[package]]
name = "typing-extensions"
version = "4.0.0"
description = "Backported and Experimental Type Hints for Python 3.6+"
category = "dev"
optional = false
python-versions = ">=3.6"

[metadata]
lock-version = "1.1"
python-versions = "^3.9"
content-hash = "1c6af7055bd7b668a17ae2dc22567cc2a1c6ef2fe4205048d2d7e29b3a0aa994"

[metadata.files]
atomicwrites = [
    {file = "atomicwrites-1.4.0-py2.py3-none-any.whl", hash = "sha256:6d1784dea7c0c8d4a5172b6c620f40b6e4cbfdf96d783691f2e1302a7b88e197"},
    {file = "atomicwrites-1.4.0.tar.gz", hash = "sha256:ae70396ad1a434f9c7046fd2dd196fc04b12f9e91ffb859164193be8b6168a7a"},
]
attrs = [
    {file = "attrs-21.2.0-py2.py3-none-any.whl", hash = "sha256:149e90d6d8ac20db7a955ad60cf0e6881a3f20d37096140088356da6c716b0b1"},
    {file = "attrs-21.2.0.tar.gz", hash = "sha256:ef6aaac3ca6cd92904cdd0d83f629a15f18053ec84e6432106f7a4d04ae4f5fb"},
]
black = [
    {file = "black-21.11b0-py3-none-any.whl", hash = "sha256:0b1f66cbfadcd332ceeaeecf6373d9991d451868d2e2219ad0ac1213fb701117"},
    {file = "black-21.11b0.tar.gz", hash = "sha256:83f3852301c8dcb229e9c444dd79f573c8d31c7c2dad9bbaaa94c808630e32aa"},
]
cffi = [
    {file = "cffi-1.15.0-cp27-cp27m-macosx_10_9_x86_64.whl", hash = "sha256:c2502a1a03b6312837279c8c1bd3ebedf6c12c4228ddbad40912d671ccc8a962"},
    {file = "cffi-1.15.0-cp27-cp27m-manylinux1_i686.whl", hash = "sha256:23cfe892bd5dd8941608f93348c0737e369e51c100d03718f108bf1add7bd6d0"},
    {file = "cffi-1.15.0-cp27-cp27m-manylinux1_x86_64.whl", hash = "sha256:41d45de54cd277a7878919867c0f08b0cf817605e4eb94093e7516505d3c8d14"},
    {file = "cffi-1.15.0-cp27-cp27m-win32.whl", hash = "sha256:4a306fa632e8f0928956a41fa8e1d6243c71e7eb59ffbd165fc0b41e316b2474"},
    {file = "cffi-1.15.0-cp27-cp27m-win_amd64.whl", hash = "sha256:e7022a66d9b55e93e1a845d8c9eba2a1bebd4966cd8bfc25d9cd07d515b33fa6"},
    {file = "cffi-1.15.0-cp27-cp27mu-manylinux1_i686.whl", hash = "sha256:14cd121ea63ecdae71efa69c15c5543a4b5fbcd0bbe2aad864baca0063cecf27"},
    {file = "cffi-1.15.0-cp27-cp27mu-manylinux1_x86_64.whl", hash = "sha256:d4d692a89c5cf08a8557fdeb329b82e7bf609aadfaed6c0d79f5a449a3c7c023"},
    {file = "cffi-1.15.0-cp310-cp310-macosx_10_9_x86_64.whl", hash = "sha256:0104fb5ae2391d46a4cb082abdd5c69ea4eab79d8d44eaaf79f1b1fd806ee4c2"},
    {file = "cffi-1.15.0-cp310-cp310-macosx_11_0_arm64.whl", hash = "sha256:91ec59c33514b7c7559a6acda53bbfe1b283949c34fe7440bcf917f96ac0723e"},
    {file = "cffi-1.15.0-cp310-cp310-manylinux_2_12_i686.manylinux2010_i686.whl", hash = "sha256:f5c7150ad32ba43a07c4479f40241756145a1f03b43480e058cfd862bf5041c7"},
    {file = "cffi-1.15.0-cp310-cp310-manylinux_2_12_x86_64.manylinux2010_x86_64.whl", hash = "sha256:00c878c90cb53ccfaae6b8bc18ad05d2036553e6d9d1d9dbcf323bbe83854ca3"},
    {file = "cffi-1.15.0-cp310-cp310-manylinux_2_17_aarch64.manylinux2014_aarch64.whl", hash = "sha256:abb9a20a72ac4e0fdb50dae135ba5e77880518e742077ced47eb1499e29a443c"},
    {file = "cffi-1.15.0-cp310-cp310-manylinux_2_17_ppc64le.manylinux2014_ppc64le.whl", hash = "sha256:a5263e363c27b653a90078143adb3d076c1a748ec9ecc78ea2fb916f9b861962"},
    {file = "cffi-1.15.0-cp310-cp310-manylinux_2_17_s390x.manylinux2014_s390x.whl", hash = "sha256:f54a64f8b0c8ff0b64d18aa76675262e1700f3995182267998c31ae974fbc382"},
    {file = "cffi-1.15.0-cp310-cp310-win32.whl", hash = "sha256:c21c9e3896c23007803a875460fb786118f0cdd4434359577ea25eb556e34c55"},
    {file = "cffi-1.15.0-cp310-cp310-win_amd64.whl", hash = "sha256:5e069f72d497312b24fcc02073d70cb989045d1c91cbd53979366077959933e0"},
    {file = "cffi-1.15.0-cp36-cp36m-macosx_10_9_x86_64.whl", hash = "sha256:64d4ec9f448dfe041705426000cc13e34e6e5bb13736e9fd62e34a0b0c41566e"},
    {file = "cffi-1.15.0-cp36-cp36m-manylinux_2_17_aarch64.manylinux2014_aarch64.whl", hash = "sha256:2756c88cbb94231c7a147402476be2c4df2f6078099a6f4a480d239a8817ae39"},
    {file = "cffi-1.15.0-cp36-cp36m-manylinux_2_17_ppc64le.manylinux2014_ppc64le.whl", hash = "sha256:3b96a311ac60a3f6be21d2572e46ce67f09abcf4d09344c49274eb9e0bf345fc"},
    {file = "cffi-1.15.0-cp36-cp36m-manylinux_2_17_s390x.manylinux2014_s390x.whl", hash = "sha256:75e4024375654472cc27e91cbe9eaa08567f7fbdf822638be2814ce059f58032"},
    {file = "cffi-1.15.0-cp36-cp36m-manylinux_2_5_i686.manylinux1_i686.whl", hash = "sha256:59888172256cac5629e60e72e86598027aca6bf01fa2465bdb676d37636573e8"},
    {file = "cffi-1.15.0-cp36-cp36m-manylinux_2_5_x86_64.manylinux1_x86_64.whl", hash = "sha256:27c219baf94952ae9d50ec19651a687b826792055353d07648a5695413e0c605"},
    {file = "cffi-1.15.0-cp36-cp36m-win32.whl", hash = "sha256:4958391dbd6249d7ad855b9ca88fae690783a6be9e86df65865058ed81fc860e"},
    {file = "cffi-1.15.0-cp36-cp36m-win_amd64.whl", hash = "sha256:f6f824dc3bce0edab5f427efcfb1d63ee75b6fcb7282900ccaf925be84efb0fc"},
    {file = "cffi-1.15.0-cp37-cp37m-macosx_10_9_x86_64.whl", hash = "sha256:06c48159c1abed75c2e721b1715c379fa3200c7784271b3c46df01383b593636"},
    {file = "cffi-1.15.0-cp37-cp37m-manylinux_2_12_i686.manylinux2010_i686.whl", hash = "sha256:c2051981a968d7de9dd2d7b87bcb9c939c74a34626a6e2f8181455dd49ed69e4"},
    {file = "cffi-1.15.0-cp37-cp37m-manylinux_2_12_x86_64.manylinux2010_x86_64.whl", hash = "sha256:fd8a250edc26254fe5b33be00402e6d287f562b6a5b2152dec302fa15bb3e997"},
    {file = "cffi-1.15.0-cp37-cp37m-manylinux_2_17_aarch64.manylinux2014_aarch64.whl", hash = "sha256:91d77d2a782be4274da750752bb1650a97bfd8f291022b379bb8e01c66b4e96b"},
    {file = "cffi-1.15.0-cp37-cp37m-manylinux_2_17_ppc64le.manylinux2014_ppc64le.whl", hash = "sha256:45db3a33139e9c8f7c09234b5784a5e33d31fd6907800b316decad50af323ff2"},
    {file = "cffi-1.15.0-cp37-cp37m-manylinux_2_17_s390x.manylinux2014_s390x.whl", hash = "sha256:263cc3d821c4ab2213cbe8cd8b355a7f72a8324577dc865ef98487c1aeee2bc7"},
    {file = "cffi-1.15.0-cp37-cp37m-win32.whl", hash = "sha256:17771976e82e9f94976180f76468546834d22a7cc404b17c22df2a2c81db0c66"},
    {file = "cffi-1.15.0-cp37-cp37m-win_amd64.whl", hash = "sha256:3415c89f9204ee60cd09b235810be700e993e343a408693e80ce7f6a40108029"},
    {file = "cffi-1.15.0-cp38-cp38-macosx_10_9_x86_64.whl", hash = "sha256:4238e6dab5d6a8ba812de994bbb0a79bddbdf80994e4ce802b6f6f3142fcc880"},
    {file = "cffi-1.15.0-cp38-cp38-manylinux_2_12_i686.manylinux2010_i686.whl", hash = "sha256:0808014eb713677ec1292301ea4c81ad277b6cdf2fdd90fd540af98c0b101d20"},
    {file = "cffi-1.15.0-cp38-cp38-manylinux_2_12_x86_64.manylinux2010_x86_64.whl", hash = "sha256:57e9ac9ccc3101fac9d6014fba037473e4358ef4e89f8e181f8951a2c0162024"},
    {file = "cffi-1.15.0-cp38-cp38-manylinux_2_17_aarch64.manylinux2014_aarch64.whl", hash = "sha256:8b6c2ea03845c9f501ed1313e78de148cd3f6cad741a75d43a29b43da27f2e1e"},
    {file = "cffi-1.15.0-cp38-cp38-manylinux_2_17_ppc64le.manylinux2014_ppc64le.whl", hash = "sha256:10dffb601ccfb65262a27233ac273d552ddc4d8ae1bf93b21c94b8511bffe728"},
    {file = "cffi-1.15.0-cp38-cp38-manylinux_2_17_s390x.manylinux2014_s390x.whl", hash = "sha256:786902fb9ba7433aae840e0ed609f45c7bcd4e225ebb9c753aa39725bb3e6ad6"},
    {file = "cffi-1.15.0-cp38-cp38-win32.whl", hash = "sha256:da5db4e883f1ce37f55c667e5c0de439df76ac4cb55964655906306918e7363c"},
    {file = "cffi-1.15.0-cp38-cp38-win_amd64.whl", hash = "sha256:181dee03b1170ff1969489acf1c26533710231c58f95534e3edac87fff06c443"},
    {file = "cffi-1.15.0-cp39-cp39-macosx_10_9_x86_64.whl", hash = "sha256:45e8636704eacc432a206ac7345a5d3d2c62d95a507ec70d62f23cd91770482a"},
    {file = "cffi-1.15.0-cp39-cp39-macosx_11_0_arm64.whl", hash = "sha256:31fb708d9d7c3f49a60f04cf5b119aeefe5644daba1cd2a0fe389b674fd1de37"},
    {file = "cffi-1.15.0-cp39-cp39-manylinux_2_12_i686.manylinux2010_i686.whl", hash = "sha256:6dc2737a3674b3e344847c8686cf29e500584ccad76204efea14f451d4cc669a"},
    {file = "cffi-1.15.0-cp39-cp39-manylinux_2_12_x86_64.manylinux2010_x86_64.whl", hash = "sha256:74fdfdbfdc48d3f47148976f49fab3251e550a8720bebc99bf1483f5bfb5db3e"},
    {file = "cffi-1.15.0-cp39-cp39-manylinux_2_17_aarch64.manylinux2014_aarch64.whl", hash = "sha256:ffaa5c925128e29efbde7301d8ecaf35c8c60ffbcd6a1ffd3a552177c8e5e796"},
    {file = "cffi-1.15.0-cp39-cp39-manylinux_2_17_ppc64le.manylinux2014_ppc64le.whl", hash = "sha256:3f7d084648d77af029acb79a0ff49a0ad7e9d09057a9bf46596dac9514dc07df"},
    {file = "cffi-1.15.0-cp39-cp39-manylinux_2_17_s390x.manylinux2014_s390x.whl", hash = "sha256:ef1f279350da2c586a69d32fc8733092fd32cc8ac95139a00377841f59a3f8d8"},
    {file = "cffi-1.15.0-cp39-cp39-win32.whl", hash = "sha256:2a23af14f408d53d5e6cd4e3d9a24ff9e05906ad574822a10563efcef137979a"},
    {file = "cffi-1.15.0-cp39-cp39-win_amd64.whl", hash = "sha256:3773c4d81e6e818df2efbc7dd77325ca0dcb688116050fb2b3011218eda36139"},
    {file = "cffi-1.15.0.tar.gz", hash = "sha256:920f0d66a896c2d99f0adbb391f990a84091179542c205fa53ce5787aff87954"},
]
click = [
    {file = "click-8.0.3-py3-none-any.whl", hash = "sha256:353f466495adaeb40b6b5f592f9f91cb22372351c84caeb068132442a4518ef3"},
    {file = "click-8.0.3.tar.gz", hash = "sha256:410e932b050f5eed773c4cda94de75971c89cdb3155a72a0831139a79e5ecb5b"},
]
colorama = [
    {file = "colorama-0.4.4-py2.py3-none-any.whl", hash = "sha256:9f47eda37229f68eee03b24b9748937c7dc3868f906e8ba69fbcbdd3bc5dc3e2"},
    {file = "colorama-0.4.4.tar.gz", hash = "sha256:5941b2b48a20143d2267e95b1c2a7603ce057ee39fd88e7329b0c292aa16869b"},
]
execnet = [
    {file = "execnet-1.9.0-py2.py3-none-any.whl", hash = "sha256:a295f7cc774947aac58dde7fdc85f4aa00c42adf5d8f5468fc630c1acf30a142"},
    {file = "execnet-1.9.0.tar.gz", hash = "sha256:8f694f3ba9cc92cab508b152dcfe322153975c29bda272e2fd7f3f00f36e47c5"},
]
hypothesis = [
    {file = "hypothesis-6.24.2-py3-none-any.whl", hash = "sha256:f6b7b3b693fe00121a6c9edc04bedf6c48a75ea5ab02251e6023c4357a5369a5"},
    {file = "hypothesis-6.24.2.tar.gz", hash = "sha256:4030f88ae0a8d3339a41dd7589c78d3ba0a3a270f729c12aceddaea7c60b224b"},
]
iniconfig = [
    {file = "iniconfig-1.1.1-py2.py3-none-any.whl", hash = "sha256:011e24c64b7f47f6ebd835bb12a743f2fbe9a26d4cecaa7f53bc4f35ee9da8b3"},
    {file = "iniconfig-1.1.1.tar.gz", hash = "sha256:bc3af051d7d14b2ee5ef9969666def0cd1a000e121eaea580d4a313df4b37f32"},
]
isort = [
    {file = "isort-5.10.1-py3-none-any.whl", hash = "sha256:6f62d78e2f89b4500b080fe3a81690850cd254227f27f75c3a0c491a1f351ba7"},
    {file = "isort-5.10.1.tar.gz", hash = "sha256:e8443a5e7a020e9d7f97f1d7d9cd17c88bcb3bc7e218bf9cf5095fe550be2951"},
]
msgpack = [
    {file = "msgpack-1.0.2-cp35-cp35m-manylinux1_i686.whl", hash = "sha256:b6d9e2dae081aa35c44af9c4298de4ee72991305503442a5c74656d82b581fe9"},
    {file = "msgpack-1.0.2-cp35-cp35m-manylinux1_x86_64.whl", hash = "sha256:a99b144475230982aee16b3d249170f1cccebf27fb0a08e9f603b69637a62192"},
    {file = "msgpack-1.0.2-cp35-cp35m-manylinux2014_aarch64.whl", hash = "sha256:1026dcc10537d27dd2d26c327e552f05ce148977e9d7b9f1718748281b38c841"},
    {file = "msgpack-1.0.2-cp36-cp36m-macosx_10_14_x86_64.whl", hash = "sha256:fe07bc6735d08e492a327f496b7850e98cb4d112c56df69b0c844dbebcbb47f6"},
    {file = "msgpack-1.0.2-cp36-cp36m-manylinux1_i686.whl", hash = "sha256:9ea52fff0473f9f3000987f313310208c879493491ef3ccf66268eff8d5a0326"},
    {file = "msgpack-1.0.2-cp36-cp36m-manylinux1_x86_64.whl", hash = "sha256:26a1759f1a88df5f1d0b393eb582ec022326994e311ba9c5818adc5374736439"},
    {file = "msgpack-1.0.2-cp36-cp36m-manylinux2014_aarch64.whl", hash = "sha256:497d2c12426adcd27ab83144057a705efb6acc7e85957a51d43cdcf7f258900f"},
    {file = "msgpack-1.0.2-cp36-cp36m-win32.whl", hash = "sha256:e89ec55871ed5473a041c0495b7b4e6099f6263438e0bd04ccd8418f92d5d7f2"},
    {file = "msgpack-1.0.2-cp36-cp36m-win_amd64.whl", hash = "sha256:a4355d2193106c7aa77c98fc955252a737d8550320ecdb2e9ac701e15e2943bc"},
    {file = "msgpack-1.0.2-cp37-cp37m-macosx_10_14_x86_64.whl", hash = "sha256:d6c64601af8f3893d17ec233237030e3110f11b8a962cb66720bf70c0141aa54"},
    {file = "msgpack-1.0.2-cp37-cp37m-manylinux1_i686.whl", hash = "sha256:f484cd2dca68502de3704f056fa9b318c94b1539ed17a4c784266df5d6978c87"},
    {file = "msgpack-1.0.2-cp37-cp37m-manylinux1_x86_64.whl", hash = "sha256:f3e6aaf217ac1c7ce1563cf52a2f4f5d5b1f64e8729d794165db71da57257f0c"},
    {file = "msgpack-1.0.2-cp37-cp37m-manylinux2014_aarch64.whl", hash = "sha256:8521e5be9e3b93d4d5e07cb80b7e32353264d143c1f072309e1863174c6aadb1"},
    {file = "msgpack-1.0.2-cp37-cp37m-win32.whl", hash = "sha256:31c17bbf2ae5e29e48d794c693b7ca7a0c73bd4280976d408c53df421e838d2a"},
    {file = "msgpack-1.0.2-cp37-cp37m-win_amd64.whl", hash = "sha256:8ffb24a3b7518e843cd83538cf859e026d24ec41ac5721c18ed0c55101f9775b"},
    {file = "msgpack-1.0.2-cp38-cp38-macosx_10_14_x86_64.whl", hash = "sha256:b28c0876cce1466d7c2195d7658cf50e4730667196e2f1355c4209444717ee06"},
    {file = "msgpack-1.0.2-cp38-cp38-manylinux1_i686.whl", hash = "sha256:87869ba567fe371c4555d2e11e4948778ab6b59d6cc9d8460d543e4cfbbddd1c"},
    {file = "msgpack-1.0.2-cp38-cp38-manylinux1_x86_64.whl", hash = "sha256:b55f7db883530b74c857e50e149126b91bb75d35c08b28db12dcb0346f15e46e"},
    {file = "msgpack-1.0.2-cp38-cp38-manylinux2014_aarch64.whl", hash = "sha256:ac25f3e0513f6673e8b405c3a80500eb7be1cf8f57584be524c4fa78fe8e0c83"},
    {file = "msgpack-1.0.2-cp38-cp38-win32.whl", hash = "sha256:0cb94ee48675a45d3b86e61d13c1e6f1696f0183f0715544976356ff86f741d9"},
    {file = "msgpack-1.0.2-cp38-cp38-win_amd64.whl", hash = "sha256:e36a812ef4705a291cdb4a2fd352f013134f26c6ff63477f20235138d1d21009"},
    {file = "msgpack-1.0.2-cp39-cp39-macosx_10_14_x86_64.whl", hash = "sha256:2a5866bdc88d77f6e1370f82f2371c9bc6fc92fe898fa2dec0c5d4f5435a2694"},
    {file = "msgpack-1.0.2-cp39-cp39-manylinux1_i686.whl", hash = "sha256:92be4b12de4806d3c36810b0fe2aeedd8d493db39e2eb90742b9c09299eb5759"},
    {file = "msgpack-1.0.2-cp39-cp39-manylinux1_x86_64.whl", hash = "sha256:de6bd7990a2c2dabe926b7e62a92886ccbf809425c347ae7de277067f97c2887"},
    {file = "msgpack-1.0.2-cp39-cp39-manylinux2014_aarch64.whl", hash = "sha256:5a9ee2540c78659a1dd0b110f73773533ee3108d4e1219b5a15a8d635b7aca0e"},
    {file = "msgpack-1.0.2-cp39-cp39-win32.whl", hash = "sha256:c747c0cc08bd6d72a586310bda6ea72eeb28e7505990f342552315b229a19b33"},
    {file = "msgpack-1.0.2-cp39-cp39-win_amd64.whl", hash = "sha256:d8167b84af26654c1124857d71650404336f4eb5cc06900667a493fc619ddd9f"},
    {file = "msgpack-1.0.2.tar.gz", hash = "sha256:fae04496f5bc150eefad4e9571d1a76c55d021325dcd484ce45065ebbdd00984"},
]
mypy-extensions = [
    {file = "mypy_extensions-0.4.3-py2.py3-none-any.whl", hash = "sha256:090fedd75945a69ae91ce1303b5824f428daf5a028d2f6ab8a299250a846f15d"},
    {file = "mypy_extensions-0.4.3.tar.gz", hash = "sha256:2d82818f5bb3e369420cb3c4060a7970edba416647068eb4c5343488a6c604a8"},
]
packaging = [
    {file = "packaging-21.2-py3-none-any.whl", hash = "sha256:14317396d1e8cdb122989b916fa2c7e9ca8e2be9e8060a6eff75b6b7b4d8a7e0"},
    {file = "packaging-21.2.tar.gz", hash = "sha256:096d689d78ca690e4cd8a89568ba06d07ca097e3306a4381635073ca91479966"},
]
pathspec = [
    {file = "pathspec-0.9.0-py2.py3-none-any.whl", hash = "sha256:7d15c4ddb0b5c802d161efc417ec1a2558ea2653c2e8ad9c19098201dc1c993a"},
    {file = "pathspec-0.9.0.tar.gz", hash = "sha256:e564499435a2673d586f6b2130bb5b95f04a3ba06f81b8f895b651a3c76aabb1"},
]
platformdirs = [
    {file = "platformdirs-2.4.0-py3-none-any.whl", hash = "sha256:8868bbe3c3c80d42f20156f22e7131d2fb321f5bc86a2a345375c6481a67021d"},
    {file = "platformdirs-2.4.0.tar.gz", hash = "sha256:367a5e80b3d04d2428ffa76d33f124cf11e8fff2acdaa9b43d545f5c7d661ef2"},
]
pluggy = [
    {file = "pluggy-1.0.0-py2.py3-none-any.whl", hash = "sha256:74134bbf457f031a36d68416e1509f34bd5ccc019f0bcc952c7b909d06b37bd3"},
    {file = "pluggy-1.0.0.tar.gz", hash = "sha256:4224373bacce55f955a878bf9cfa763c1e360858e330072059e10bad68531159"},
]
py = [
    {file = "py-1.11.0-py2.py3-none-any.whl", hash = "sha256:607c53218732647dff4acdfcd50cb62615cedf612e72d1724fb1a0cc6405b378"},
    {file = "py-1.11.0.tar.gz", hash = "sha256:51c75c4126074b472f746a24399ad32f6053d1b34b68d2fa41e558e6f4a98719"},
]
py-algorand-sdk = [
    {file = "py-algorand-sdk-1.8.0.tar.gz", hash = "sha256:691771118f88855affbb57853a73113ce0ea554d7b9f1bbe50e309a83a632158"},
    {file = "py_algorand_sdk-1.8.0-py3-none-any.whl", hash = "sha256:110480dc5baf2102721a5fe860c22fb445a737dfbb0a2e82ed97fee03b792d19"},
]
pycparser = [
    {file = "pycparser-2.21-py2.py3-none-any.whl", hash = "sha256:8ee45429555515e1f6b185e78100aea234072576aa43ab53aefcae078162fca9"},
    {file = "pycparser-2.21.tar.gz", hash = "sha256:e644fdec12f7872f86c58ff790da456218b10f863970249516d60a5eaca77206"},
]
pycryptodomex = [
    {file = "pycryptodomex-3.11.0-cp27-cp27m-macosx_10_9_x86_64.whl", hash = "sha256:7abfd84a362e4411f7c5f5758c18cbf377a2a2be64b9232e78544d75640c677e"},
    {file = "pycryptodomex-3.11.0-cp27-cp27m-manylinux1_i686.whl", hash = "sha256:6a76d7821ae43df8a0e814cca32114875916b9fc2158603b364853de37eb9002"},
    {file = "pycryptodomex-3.11.0-cp27-cp27m-manylinux1_x86_64.whl", hash = "sha256:1580db5878b1d16a233550829f7c189c43005f7aa818f2f95c7dddbd6a7163cc"},
    {file = "pycryptodomex-3.11.0-cp27-cp27m-manylinux2010_i686.whl", hash = "sha256:c825611a951baad63faeb9ef1517ef96a20202d6029ae2485b729152cc703fab"},
    {file = "pycryptodomex-3.11.0-cp27-cp27m-manylinux2010_x86_64.whl", hash = "sha256:7cc5ee80b2d5ee8f59a761741cfb916a068c97cac5e700c8ce01e1927616aa2f"},
    {file = "pycryptodomex-3.11.0-cp27-cp27m-manylinux2014_aarch64.whl", hash = "sha256:fbe09e3ae95f47c7551a24781d2e348974cde4a0b33bc3b1566f6216479db2b1"},
    {file = "pycryptodomex-3.11.0-cp27-cp27m-win32.whl", hash = "sha256:9eace1e5420abc4f9e76de01e49caca349b7c80bda9c1643193e23a06c2a332c"},
    {file = "pycryptodomex-3.11.0-cp27-cp27m-win_amd64.whl", hash = "sha256:adc25aa8cfc537373dd46ae97863f16fd955edee14bf54d3eb52bde4e4ac8c7b"},
    {file = "pycryptodomex-3.11.0-cp27-cp27mu-manylinux1_i686.whl", hash = "sha256:cf30b5e03d974874185b989839c396d799f6e2d4b4d5b2d8bd3ba464eb3cc33f"},
    {file = "pycryptodomex-3.11.0-cp27-cp27mu-manylinux1_x86_64.whl", hash = "sha256:c91772cf6808cc2d80279e80b491c48cb688797b6d914ff624ca95d855c24ee5"},
    {file = "pycryptodomex-3.11.0-cp27-cp27mu-manylinux2010_i686.whl", hash = "sha256:c391ec5c423a374a36b90f7c8805fdf51a0410a2b5be9cebd8990e0021cb6da4"},
    {file = "pycryptodomex-3.11.0-cp27-cp27mu-manylinux2010_x86_64.whl", hash = "sha256:64a83ab6f54496ab968a6f21a41a620afe0a742573d609fd03dcab7210645153"},
    {file = "pycryptodomex-3.11.0-cp27-cp27mu-manylinux2014_aarch64.whl", hash = "sha256:252ac9c1e1ae1c256a75539e234be3096f2d100b9f4bae42ef88067787b9b249"},
    {file = "pycryptodomex-3.11.0-cp35-abi3-macosx_10_9_x86_64.whl", hash = "sha256:bf2ea67eaa1fff0aecef6da881144f0f91e314b4123491f9a4fa8df0598e48fe"},
    {file = "pycryptodomex-3.11.0-cp35-abi3-manylinux1_i686.whl", hash = "sha256:fe2b8c464ba335e71aed74f830bf2b2881913f8905d166f9c0fe06ca44a1cb5e"},
    {file = "pycryptodomex-3.11.0-cp35-abi3-manylinux1_x86_64.whl", hash = "sha256:ff0826f3886e85708a0e8ef7ec47020723b998cfed6ae47962d915fcb89ec780"},
    {file = "pycryptodomex-3.11.0-cp35-abi3-manylinux2010_i686.whl", hash = "sha256:1d4d13c59d2cfbc0863c725f5812d66ff0d6836ba738ef26a52e1291056a1c7c"},
    {file = "pycryptodomex-3.11.0-cp35-abi3-manylinux2010_x86_64.whl", hash = "sha256:2b586d13ef07fa6197b6348a48dbbe9525f4f496205de14edfa4e91d99e69672"},
    {file = "pycryptodomex-3.11.0-cp35-abi3-manylinux2014_aarch64.whl", hash = "sha256:f35ccfa44a1dd267e392cd76d8525cfcfabee61dd070e15ad2119c54c0c31ddf"},
    {file = "pycryptodomex-3.11.0-cp35-abi3-win32.whl", hash = "sha256:5baf690d27f39f2ba22f06e8e32c5f1972573ca65db6bdbb8b2c7177a0112dab"},
    {file = "pycryptodomex-3.11.0-cp35-abi3-win_amd64.whl", hash = "sha256:919cadcedad552e78349d1626115cfd246fc03ad469a4a62c91a12204f0f0d85"},
    {file = "pycryptodomex-3.11.0-pp27-pypy_73-macosx_10_9_x86_64.whl", hash = "sha256:c10b2f6bcbaa9aa51fe08207654100074786d423b03482c0cbe44406ca92d146"},
    {file = "pycryptodomex-3.11.0-pp27-pypy_73-manylinux1_x86_64.whl", hash = "sha256:91662b27f5aa8a6d2ad63be9a7d1a403e07bf3c2c5b265a7cc5cbadf6f988e06"},
    {file = "pycryptodomex-3.11.0-pp27-pypy_73-manylinux2010_x86_64.whl", hash = "sha256:207e53bdbf3a26de6e9dcf3ebaf67ba70a61f733f84c464eca55d278211c1b71"},
    {file = "pycryptodomex-3.11.0-pp27-pypy_73-win32.whl", hash = "sha256:1dd4271d8d022216533c3547f071662b44d703fd5dbb632c4b5e77b3ee47567f"},
    {file = "pycryptodomex-3.11.0-pp36-pypy36_pp73-macosx_10_9_x86_64.whl", hash = "sha256:c43ddcff251e8b427b3e414b026636617276e008a9d78a44a9195d4bdfcaa0fe"},
    {file = "pycryptodomex-3.11.0-pp36-pypy36_pp73-manylinux1_x86_64.whl", hash = "sha256:ef25d682d0d9ab25c5022a298b5cba9084c7b148a3e71846df2c67ea664eacc7"},
    {file = "pycryptodomex-3.11.0-pp36-pypy36_pp73-manylinux2010_x86_64.whl", hash = "sha256:4c7c6418a3c08b2ebfc2cf50ce52de267618063b533083a2c73b40ec54a1b6f5"},
    {file = "pycryptodomex-3.11.0-pp36-pypy36_pp73-win32.whl", hash = "sha256:15d25c532de744648f0976c56bd10d07b2a44b7eb2a6261ffe2497980b1102d8"},
    {file = "pycryptodomex-3.11.0.tar.gz", hash = "sha256:0398366656bb55ebdb1d1d493a7175fc48ade449283086db254ac44c7d318d6d"},
]
pynacl = [
    {file = "PyNaCl-1.4.0-cp27-cp27m-macosx_10_10_x86_64.whl", hash = "sha256:ea6841bc3a76fa4942ce00f3bda7d436fda21e2d91602b9e21b7ca9ecab8f3ff"},
    {file = "PyNaCl-1.4.0-cp27-cp27m-manylinux1_x86_64.whl", hash = "sha256:d452a6746f0a7e11121e64625109bc4468fc3100452817001dbe018bb8b08514"},
    {file = "PyNaCl-1.4.0-cp27-cp27m-win32.whl", hash = "sha256:2fe0fc5a2480361dcaf4e6e7cea00e078fcda07ba45f811b167e3f99e8cff574"},
    {file = "PyNaCl-1.4.0-cp27-cp27m-win_amd64.whl", hash = "sha256:f8851ab9041756003119368c1e6cd0b9c631f46d686b3904b18c0139f4419f80"},
    {file = "PyNaCl-1.4.0-cp27-cp27mu-manylinux1_x86_64.whl", hash = "sha256:7757ae33dae81c300487591c68790dfb5145c7d03324000433d9a2c141f82af7"},
    {file = "PyNaCl-1.4.0-cp35-abi3-macosx_10_10_x86_64.whl", hash = "sha256:757250ddb3bff1eecd7e41e65f7f833a8405fede0194319f87899690624f2122"},
    {file = "PyNaCl-1.4.0-cp35-abi3-manylinux1_x86_64.whl", hash = "sha256:30f9b96db44e09b3304f9ea95079b1b7316b2b4f3744fe3aaecccd95d547063d"},
    {file = "PyNaCl-1.4.0-cp35-abi3-win32.whl", hash = "sha256:4e10569f8cbed81cb7526ae137049759d2a8d57726d52c1a000a3ce366779634"},
    {file = "PyNaCl-1.4.0-cp35-abi3-win_amd64.whl", hash = "sha256:c914f78da4953b33d4685e3cdc7ce63401247a21425c16a39760e282075ac4a6"},
    {file = "PyNaCl-1.4.0-cp35-cp35m-win32.whl", hash = "sha256:06cbb4d9b2c4bd3c8dc0d267416aaed79906e7b33f114ddbf0911969794b1cc4"},
    {file = "PyNaCl-1.4.0-cp35-cp35m-win_amd64.whl", hash = "sha256:511d269ee845037b95c9781aa702f90ccc36036f95d0f31373a6a79bd8242e25"},
    {file = "PyNaCl-1.4.0-cp36-cp36m-win32.whl", hash = "sha256:11335f09060af52c97137d4ac54285bcb7df0cef29014a1a4efe64ac065434c4"},
    {file = "PyNaCl-1.4.0-cp36-cp36m-win_amd64.whl", hash = "sha256:cd401ccbc2a249a47a3a1724c2918fcd04be1f7b54eb2a5a71ff915db0ac51c6"},
    {file = "PyNaCl-1.4.0-cp37-cp37m-win32.whl", hash = "sha256:8122ba5f2a2169ca5da936b2e5a511740ffb73979381b4229d9188f6dcb22f1f"},
    {file = "PyNaCl-1.4.0-cp37-cp37m-win_amd64.whl", hash = "sha256:537a7ccbea22905a0ab36ea58577b39d1fa9b1884869d173b5cf111f006f689f"},
    {file = "PyNaCl-1.4.0-cp38-cp38-win32.whl", hash = "sha256:9c4a7ea4fb81536c1b1f5cc44d54a296f96ae78c1ebd2311bd0b60be45a48d96"},
    {file = "PyNaCl-1.4.0-cp38-cp38-win_amd64.whl", hash = "sha256:7c6092102219f59ff29788860ccb021e80fffd953920c4a8653889c029b2d420"},
    {file = "PyNaCl-1.4.0.tar.gz", hash = "sha256:54e9a2c849c742006516ad56a88f5c74bf2ce92c9f67435187c3c5953b346505"},
]
pyparsing = [
    {file = "pyparsing-2.4.7-py2.py3-none-any.whl", hash = "sha256:ef9d7589ef3c200abe66653d3f1ab1033c3c419ae9b9bdb1240a85b024efc88b"},
    {file = "pyparsing-2.4.7.tar.gz", hash = "sha256:c203ec8783bf771a155b207279b9bccb8dea02d8f0c9e5f8ead507bc3246ecc1"},
]
pyteal = [
    {file = "pyteal-0.9.0-py3-none-any.whl", hash = "sha256:51b30cd45305232383a9ddae152b1f8c4f536cb52dce40126bffce07b380026a"},
    {file = "pyteal-0.9.0.tar.gz", hash = "sha256:a4b21b11e9a54bca16104311047d54b08362d8ad125666371557a232c4ec01f8"},
]
pytealext = [
    {file = "pytealext-1.2.0-py3-none-any.whl", hash = "sha256:54da9cb269755ce4134e2e68179adeeb43f3ea6f365bf0492a515fc6514c0994"},
    {file = "pytealext-1.2.0.tar.gz", hash = "sha256:93458d8130f697a509771606848b47044143a85dd8139889e2c87bf4510e35aa"},
]
pytest = [
    {file = "pytest-6.2.5-py3-none-any.whl", hash = "sha256:7310f8d27bc79ced999e760ca304d69f6ba6c6649c0b60fb0e04a4a77cacc134"},
    {file = "pytest-6.2.5.tar.gz", hash = "sha256:131b36680866a76e6781d13f101efb86cf674ebb9762eb70d3082b6f29889e89"},
]
pytest-forked = [
    {file = "pytest-forked-1.3.0.tar.gz", hash = "sha256:6aa9ac7e00ad1a539c41bec6d21011332de671e938c7637378ec9710204e37ca"},
    {file = "pytest_forked-1.3.0-py2.py3-none-any.whl", hash = "sha256:dc4147784048e70ef5d437951728825a131b81714b398d5d52f17c7c144d8815"},
]
pytest-xdist = [
    {file = "pytest-xdist-2.4.0.tar.gz", hash = "sha256:89b330316f7fc475f999c81b577c2b926c9569f3d397ae432c0c2e2496d61ff9"},
    {file = "pytest_xdist-2.4.0-py3-none-any.whl", hash = "sha256:7b61ebb46997a0820a263553179d6d1e25a8c50d8a8620cd1aa1e20e3be99168"},
]
python-dotenv = [
    {file = "python-dotenv-0.19.1.tar.gz", hash = "sha256:14f8185cc8d494662683e6914addcb7e95374771e707601dfc70166946b4c4b8"},
    {file = "python_dotenv-0.19.1-py2.py3-none-any.whl", hash = "sha256:bbd3da593fc49c249397cbfbcc449cf36cb02e75afc8157fcc6a81df6fb7750a"},
]
pyyaml = [
    {file = "PyYAML-5.4.1-cp27-cp27m-macosx_10_9_x86_64.whl", hash = "sha256:3b2b1824fe7112845700f815ff6a489360226a5609b96ec2190a45e62a9fc922"},
    {file = "PyYAML-5.4.1-cp27-cp27m-win32.whl", hash = "sha256:129def1b7c1bf22faffd67b8f3724645203b79d8f4cc81f674654d9902cb4393"},
    {file = "PyYAML-5.4.1-cp27-cp27m-win_amd64.whl", hash = "sha256:4465124ef1b18d9ace298060f4eccc64b0850899ac4ac53294547536533800c8"},
    {file = "PyYAML-5.4.1-cp27-cp27mu-manylinux1_x86_64.whl", hash = "sha256:bb4191dfc9306777bc594117aee052446b3fa88737cd13b7188d0e7aa8162185"},
    {file = "PyYAML-5.4.1-cp36-cp36m-macosx_10_9_x86_64.whl", hash = "sha256:6c78645d400265a062508ae399b60b8c167bf003db364ecb26dcab2bda048253"},
    {file = "PyYAML-5.4.1-cp36-cp36m-manylinux1_x86_64.whl", hash = "sha256:4e0583d24c881e14342eaf4ec5fbc97f934b999a6828693a99157fde912540cc"},
    {file = "PyYAML-5.4.1-cp36-cp36m-manylinux2014_aarch64.whl", hash = "sha256:72a01f726a9c7851ca9bfad6fd09ca4e090a023c00945ea05ba1638c09dc3347"},
    {file = "PyYAML-5.4.1-cp36-cp36m-manylinux2014_s390x.whl", hash = "sha256:895f61ef02e8fed38159bb70f7e100e00f471eae2bc838cd0f4ebb21e28f8541"},
    {file = "PyYAML-5.4.1-cp36-cp36m-win32.whl", hash = "sha256:3bd0e463264cf257d1ffd2e40223b197271046d09dadf73a0fe82b9c1fc385a5"},
    {file = "PyYAML-5.4.1-cp36-cp36m-win_amd64.whl", hash = "sha256:e4fac90784481d221a8e4b1162afa7c47ed953be40d31ab4629ae917510051df"},
    {file = "PyYAML-5.4.1-cp37-cp37m-macosx_10_9_x86_64.whl", hash = "sha256:5accb17103e43963b80e6f837831f38d314a0495500067cb25afab2e8d7a4018"},
    {file = "PyYAML-5.4.1-cp37-cp37m-manylinux1_x86_64.whl", hash = "sha256:e1d4970ea66be07ae37a3c2e48b5ec63f7ba6804bdddfdbd3cfd954d25a82e63"},
    {file = "PyYAML-5.4.1-cp37-cp37m-manylinux2014_aarch64.whl", hash = "sha256:cb333c16912324fd5f769fff6bc5de372e9e7a202247b48870bc251ed40239aa"},
    {file = "PyYAML-5.4.1-cp37-cp37m-manylinux2014_s390x.whl", hash = "sha256:fe69978f3f768926cfa37b867e3843918e012cf83f680806599ddce33c2c68b0"},
    {file = "PyYAML-5.4.1-cp37-cp37m-win32.whl", hash = "sha256:dd5de0646207f053eb0d6c74ae45ba98c3395a571a2891858e87df7c9b9bd51b"},
    {file = "PyYAML-5.4.1-cp37-cp37m-win_amd64.whl", hash = "sha256:08682f6b72c722394747bddaf0aa62277e02557c0fd1c42cb853016a38f8dedf"},
    {file = "PyYAML-5.4.1-cp38-cp38-macosx_10_9_x86_64.whl", hash = "sha256:d2d9808ea7b4af864f35ea216be506ecec180628aced0704e34aca0b040ffe46"},
    {file = "PyYAML-5.4.1-cp38-cp38-manylinux1_x86_64.whl", hash = "sha256:8c1be557ee92a20f184922c7b6424e8ab6691788e6d86137c5d93c1a6ec1b8fb"},
    {file = "PyYAML-5.4.1-cp38-cp38-manylinux2014_aarch64.whl", hash = "sha256:fd7f6999a8070df521b6384004ef42833b9bd62cfee11a09bda1079b4b704247"},
    {file = "PyYAML-5.4.1-cp38-cp38-manylinux2014_s390x.whl", hash = "sha256:bfb51918d4ff3d77c1c856a9699f8492c612cde32fd3bcd344af9be34999bfdc"},
    {file = "PyYAML-5.4.1-cp38-cp38-win32.whl", hash = "sha256:fa5ae20527d8e831e8230cbffd9f8fe952815b2b7dae6ffec25318803a7528fc"},
    {file = "PyYAML-5.4.1-cp38-cp38-win_amd64.whl", hash = "sha256:0f5f5786c0e09baddcd8b4b45f20a7b5d61a7e7e99846e3c799b05c7c53fa696"},
    {file = "PyYAML-5.4.1-cp39-cp39-macosx_10_9_x86_64.whl", hash = "sha256:294db365efa064d00b8d1ef65d8ea2c3426ac366c0c4368d930bf1c5fb497f77"},
    {file = "PyYAML-5.4.1-cp39-cp39-manylinux1_x86_64.whl", hash = "sha256:74c1485f7707cf707a7aef42ef6322b8f97921bd89be2ab6317fd782c2d53183"},
    {file = "PyYAML-5.4.1-cp39-cp39-manylinux2014_aarch64.whl", hash = "sha256:d483ad4e639292c90170eb6f7783ad19490e7a8defb3e46f97dfe4bacae89122"},
    {file = "PyYAML-5.4.1-cp39-cp39-manylinux2014_s390x.whl", hash = "sha256:fdc842473cd33f45ff6bce46aea678a54e3d21f1b61a7750ce3c498eedfe25d6"},
    {file = "PyYAML-5.4.1-cp39-cp39-win32.whl", hash = "sha256:49d4cdd9065b9b6e206d0595fee27a96b5dd22618e7520c33204a4a3239d5b10"},
    {file = "PyYAML-5.4.1-cp39-cp39-win_amd64.whl", hash = "sha256:c20cfa2d49991c8b4147af39859b167664f2ad4561704ee74c1de03318e898db"},
    {file = "PyYAML-5.4.1.tar.gz", hash = "sha256:607774cbba28732bfa802b54baa7484215f530991055bb562efbed5b2f20a45e"},
]
regex = [
    {file = "regex-2021.11.10-cp310-cp310-macosx_10_9_x86_64.whl", hash = "sha256:9345b6f7ee578bad8e475129ed40123d265464c4cfead6c261fd60fc9de00bcf"},
    {file = "regex-2021.11.10-cp310-cp310-macosx_11_0_arm64.whl", hash = "sha256:416c5f1a188c91e3eb41e9c8787288e707f7d2ebe66e0a6563af280d9b68478f"},
    {file = "regex-2021.11.10-cp310-cp310-manylinux_2_17_aarch64.manylinux2014_aarch64.whl", hash = "sha256:e0538c43565ee6e703d3a7c3bdfe4037a5209250e8502c98f20fea6f5fdf2965"},
    {file = "regex-2021.11.10-cp310-cp310-manylinux_2_17_ppc64le.manylinux2014_ppc64le.whl", hash = "sha256:7ee1227cf08b6716c85504aebc49ac827eb88fcc6e51564f010f11a406c0a667"},
    {file = "regex-2021.11.10-cp310-cp310-manylinux_2_17_s390x.manylinux2014_s390x.whl", hash = "sha256:6650f16365f1924d6014d2ea770bde8555b4a39dc9576abb95e3cd1ff0263b36"},
    {file = "regex-2021.11.10-cp310-cp310-manylinux_2_17_x86_64.manylinux2014_x86_64.whl", hash = "sha256:30ab804ea73972049b7a2a5c62d97687d69b5a60a67adca07eb73a0ddbc9e29f"},
    {file = "regex-2021.11.10-cp310-cp310-manylinux_2_5_i686.manylinux1_i686.manylinux_2_17_i686.manylinux2014_i686.whl", hash = "sha256:68a067c11463de2a37157930d8b153005085e42bcb7ad9ca562d77ba7d1404e0"},
    {file = "regex-2021.11.10-cp310-cp310-manylinux_2_5_x86_64.manylinux1_x86_64.manylinux_2_12_x86_64.manylinux2010_x86_64.whl", hash = "sha256:162abfd74e88001d20cb73ceaffbfe601469923e875caf9118333b1a4aaafdc4"},
    {file = "regex-2021.11.10-cp310-cp310-win32.whl", hash = "sha256:98ba568e8ae26beb726aeea2273053c717641933836568c2a0278a84987b2a1a"},
    {file = "regex-2021.11.10-cp310-cp310-win_amd64.whl", hash = "sha256:780b48456a0f0ba4d390e8b5f7c661fdd218934388cde1a974010a965e200e12"},
    {file = "regex-2021.11.10-cp36-cp36m-macosx_10_9_x86_64.whl", hash = "sha256:dba70f30fd81f8ce6d32ddeef37d91c8948e5d5a4c63242d16a2b2df8143aafc"},
    {file = "regex-2021.11.10-cp36-cp36m-manylinux_2_17_aarch64.manylinux2014_aarch64.whl", hash = "sha256:e1f54b9b4b6c53369f40028d2dd07a8c374583417ee6ec0ea304e710a20f80a0"},
    {file = "regex-2021.11.10-cp36-cp36m-manylinux_2_17_ppc64le.manylinux2014_ppc64le.whl", hash = "sha256:fbb9dc00e39f3e6c0ef48edee202f9520dafb233e8b51b06b8428cfcb92abd30"},
    {file = "regex-2021.11.10-cp36-cp36m-manylinux_2_17_s390x.manylinux2014_s390x.whl", hash = "sha256:666abff54e474d28ff42756d94544cdfd42e2ee97065857413b72e8a2d6a6345"},
    {file = "regex-2021.11.10-cp36-cp36m-manylinux_2_17_x86_64.manylinux2014_x86_64.whl", hash = "sha256:5537f71b6d646f7f5f340562ec4c77b6e1c915f8baae822ea0b7e46c1f09b733"},
    {file = "regex-2021.11.10-cp36-cp36m-manylinux_2_5_i686.manylinux1_i686.manylinux_2_17_i686.manylinux2014_i686.whl", hash = "sha256:ed2e07c6a26ed4bea91b897ee2b0835c21716d9a469a96c3e878dc5f8c55bb23"},
    {file = "regex-2021.11.10-cp36-cp36m-manylinux_2_5_x86_64.manylinux1_x86_64.manylinux_2_12_x86_64.manylinux2010_x86_64.whl", hash = "sha256:ca5f18a75e1256ce07494e245cdb146f5a9267d3c702ebf9b65c7f8bd843431e"},
    {file = "regex-2021.11.10-cp36-cp36m-win32.whl", hash = "sha256:93a5051fcf5fad72de73b96f07d30bc29665697fb8ecdfbc474f3452c78adcf4"},
    {file = "regex-2021.11.10-cp36-cp36m-win_amd64.whl", hash = "sha256:b483c9d00a565633c87abd0aaf27eb5016de23fed952e054ecc19ce32f6a9e7e"},
    {file = "regex-2021.11.10-cp37-cp37m-macosx_10_9_x86_64.whl", hash = "sha256:fff55f3ce50a3ff63ec8e2a8d3dd924f1941b250b0aac3d3d42b687eeff07a8e"},
    {file = "regex-2021.11.10-cp37-cp37m-manylinux_2_17_aarch64.manylinux2014_aarch64.whl", hash = "sha256:e32d2a2b02ccbef10145df9135751abea1f9f076e67a4e261b05f24b94219e36"},
    {file = "regex-2021.11.10-cp37-cp37m-manylinux_2_17_ppc64le.manylinux2014_ppc64le.whl", hash = "sha256:53db2c6be8a2710b359bfd3d3aa17ba38f8aa72a82309a12ae99d3c0c3dcd74d"},
    {file = "regex-2021.11.10-cp37-cp37m-manylinux_2_17_s390x.manylinux2014_s390x.whl", hash = "sha256:2207ae4f64ad3af399e2d30dde66f0b36ae5c3129b52885f1bffc2f05ec505c8"},
    {file = "regex-2021.11.10-cp37-cp37m-manylinux_2_17_x86_64.manylinux2014_x86_64.whl", hash = "sha256:d5ca078bb666c4a9d1287a379fe617a6dccd18c3e8a7e6c7e1eb8974330c626a"},
    {file = "regex-2021.11.10-cp37-cp37m-manylinux_2_5_i686.manylinux1_i686.manylinux_2_17_i686.manylinux2014_i686.whl", hash = "sha256:dd33eb9bdcfbabab3459c9ee651d94c842bc8a05fabc95edf4ee0c15a072495e"},
    {file = "regex-2021.11.10-cp37-cp37m-manylinux_2_5_x86_64.manylinux1_x86_64.manylinux_2_12_x86_64.manylinux2010_x86_64.whl", hash = "sha256:05b7d6d7e64efe309972adab77fc2af8907bb93217ec60aa9fe12a0dad35874f"},
    {file = "regex-2021.11.10-cp37-cp37m-win32.whl", hash = "sha256:e71255ba42567d34a13c03968736c5d39bb4a97ce98188fafb27ce981115beec"},
    {file = "regex-2021.11.10-cp37-cp37m-win_amd64.whl", hash = "sha256:07856afef5ffcc052e7eccf3213317fbb94e4a5cd8177a2caa69c980657b3cb4"},
    {file = "regex-2021.11.10-cp38-cp38-macosx_10_9_x86_64.whl", hash = "sha256:ba05430e819e58544e840a68b03b28b6d328aff2e41579037e8bab7653b37d83"},
    {file = "regex-2021.11.10-cp38-cp38-macosx_11_0_arm64.whl", hash = "sha256:7f301b11b9d214f83ddaf689181051e7f48905568b0c7017c04c06dfd065e244"},
    {file = "regex-2021.11.10-cp38-cp38-manylinux_2_17_aarch64.manylinux2014_aarch64.whl", hash = "sha256:4aaa4e0705ef2b73dd8e36eeb4c868f80f8393f5f4d855e94025ce7ad8525f50"},
    {file = "regex-2021.11.10-cp38-cp38-manylinux_2_17_ppc64le.manylinux2014_ppc64le.whl", hash = "sha256:788aef3549f1924d5c38263104dae7395bf020a42776d5ec5ea2b0d3d85d6646"},
    {file = "regex-2021.11.10-cp38-cp38-manylinux_2_17_s390x.manylinux2014_s390x.whl", hash = "sha256:f8af619e3be812a2059b212064ea7a640aff0568d972cd1b9e920837469eb3cb"},
    {file = "regex-2021.11.10-cp38-cp38-manylinux_2_17_x86_64.manylinux2014_x86_64.whl", hash = "sha256:85bfa6a5413be0ee6c5c4a663668a2cad2cbecdee367630d097d7823041bdeec"},
    {file = "regex-2021.11.10-cp38-cp38-manylinux_2_5_i686.manylinux1_i686.manylinux_2_17_i686.manylinux2014_i686.whl", hash = "sha256:f23222527b307970e383433daec128d769ff778d9b29343fb3496472dc20dabe"},
    {file = "regex-2021.11.10-cp38-cp38-manylinux_2_5_x86_64.manylinux1_x86_64.manylinux_2_12_x86_64.manylinux2010_x86_64.whl", hash = "sha256:da1a90c1ddb7531b1d5ff1e171b4ee61f6345119be7351104b67ff413843fe94"},
    {file = "regex-2021.11.10-cp38-cp38-win32.whl", hash = "sha256:0617383e2fe465732af4509e61648b77cbe3aee68b6ac8c0b6fe934db90be5cc"},
    {file = "regex-2021.11.10-cp38-cp38-win_amd64.whl", hash = "sha256:a3feefd5e95871872673b08636f96b61ebef62971eab044f5124fb4dea39919d"},
    {file = "regex-2021.11.10-cp39-cp39-macosx_10_9_x86_64.whl", hash = "sha256:f7f325be2804246a75a4f45c72d4ce80d2443ab815063cdf70ee8fb2ca59ee1b"},
    {file = "regex-2021.11.10-cp39-cp39-macosx_11_0_arm64.whl", hash = "sha256:537ca6a3586931b16a85ac38c08cc48f10fc870a5b25e51794c74df843e9966d"},
    {file = "regex-2021.11.10-cp39-cp39-manylinux_2_17_aarch64.manylinux2014_aarch64.whl", hash = "sha256:eef2afb0fd1747f33f1ee3e209bce1ed582d1896b240ccc5e2697e3275f037c7"},
    {file = "regex-2021.11.10-cp39-cp39-manylinux_2_17_ppc64le.manylinux2014_ppc64le.whl", hash = "sha256:432bd15d40ed835a51617521d60d0125867f7b88acf653e4ed994a1f8e4995dc"},
    {file = "regex-2021.11.10-cp39-cp39-manylinux_2_17_s390x.manylinux2014_s390x.whl", hash = "sha256:b43c2b8a330a490daaef5a47ab114935002b13b3f9dc5da56d5322ff218eeadb"},
    {file = "regex-2021.11.10-cp39-cp39-manylinux_2_17_x86_64.manylinux2014_x86_64.whl", hash = "sha256:962b9a917dd7ceacbe5cd424556914cb0d636001e393b43dc886ba31d2a1e449"},
    {file = "regex-2021.11.10-cp39-cp39-manylinux_2_5_i686.manylinux1_i686.manylinux_2_17_i686.manylinux2014_i686.whl", hash = "sha256:fa8c626d6441e2d04b6ee703ef2d1e17608ad44c7cb75258c09dd42bacdfc64b"},
    {file = "regex-2021.11.10-cp39-cp39-manylinux_2_5_x86_64.manylinux1_x86_64.manylinux_2_12_x86_64.manylinux2010_x86_64.whl", hash = "sha256:3c5fb32cc6077abad3bbf0323067636d93307c9fa93e072771cf9a64d1c0f3ef"},
    {file = "regex-2021.11.10-cp39-cp39-win32.whl", hash = "sha256:3b5df18db1fccd66de15aa59c41e4f853b5df7550723d26aa6cb7f40e5d9da5a"},
    {file = "regex-2021.11.10-cp39-cp39-win_amd64.whl", hash = "sha256:83ee89483672b11f8952b158640d0c0ff02dc43d9cb1b70c1564b49abe92ce29"},
    {file = "regex-2021.11.10.tar.gz", hash = "sha256:f341ee2df0999bfdf7a95e448075effe0db212a59387de1a70690e4acb03d4c6"},
]
six = [
    {file = "six-1.16.0-py2.py3-none-any.whl", hash = "sha256:8abb2f1d86890a2dfb989f9a77cfcfd3e47c2a354b01111771326f8aa26e0254"},
    {file = "six-1.16.0.tar.gz", hash = "sha256:1e61c37477a1626458e36f7b1d82aa5c9b094fa4802892072e49de9c60c4c926"},
]
sortedcontainers = [
    {file = "sortedcontainers-2.4.0-py2.py3-none-any.whl", hash = "sha256:a163dcaede0f1c021485e957a39245190e74249897e2ae4b2aa38595db237ee0"},
    {file = "sortedcontainers-2.4.0.tar.gz", hash = "sha256:25caa5a06cc30b6b83d11423433f65d1f9d76c4c6a0c90e3379eaa43b9bfdb88"},
]
toml = [
    {file = "toml-0.10.2-py2.py3-none-any.whl", hash = "sha256:806143ae5bfb6a3c6e736a764057db0e6a0e05e338b5630894a5f779cabb4f9b"},
    {file = "toml-0.10.2.tar.gz", hash = "sha256:b3bda1d108d5dd99f4a20d24d9c348e91c4db7ab1b749200bded2f839ccbe68f"},
]
tomli = [
    {file = "tomli-1.2.2-py3-none-any.whl", hash = "sha256:f04066f68f5554911363063a30b108d2b5a5b1a010aa8b6132af78489fe3aade"},
    {file = "tomli-1.2.2.tar.gz", hash = "sha256:c6ce0015eb38820eaf32b5db832dbc26deb3dd427bd5f6556cf0acac2c214fee"},
]
typing-extensions = [
    {file = "typing_extensions-4.0.0-py3-none-any.whl", hash = "sha256:829704698b22e13ec9eaf959122315eabb370b0884400e9818334d8b677023d9"},
    {file = "typing_extensions-4.0.0.tar.gz", hash = "sha256:2cdf80e4e04866a9b3689a51869016d36db0814d84b8d8a568d22781d45d27ed"},
]
